
Microsoft Visual Studio Solution File, Format Version 12.00
Project("{FAE04EC0-301F-11D3-BF4B-00C04F79EFBC}") = "WinTail", "WinTail\WinTail.csproj", "{48737D4B-E004-4792-BFF8-743450734E9D}"
EndProject
Global
	GlobalSection(SolutionConfigurationPlatforms) = preSolution
		Debug|Any CPU = Debug|Any CPU
		Release|Any CPU = Release|Any CPU
	EndGlobalSection
	GlobalSection(ProjectConfigurationPlatforms) = postSolution
		{48737D4B-E004-4792-BFF8-743450734E9D}.Debug|Any CPU.ActiveCfg = Debug|Any CPU
		{48737D4B-E004-4792-BFF8-743450734E9D}.Debug|Any CPU.Build.0 = Debug|Any CPU
		{48737D4B-E004-4792-BFF8-743450734E9D}.Release|Any CPU.ActiveCfg = Release|Any CPU
		{48737D4B-E004-4792-BFF8-743450734E9D}.Release|Any CPU.Build.0 = Release|Any CPU
	EndGlobalSection
EndGlobal
