
Microsoft Visual Studio Solution File, Format Version 12.00
# Visual Studio Version 17
VisualStudioVersion = 17.1.32421.90
MinimumVisualStudioVersion = 10.0.40219.1
Project("{9A19103F-16F7-4668-BE54-9A1E7A4F7556}") = "ChartApp", "ChartApp.csproj", "{8C68CFD8-75E4-4CC3-8D43-8FD218ABE51B}"
EndProject
Global
	GlobalSection(SolutionConfigurationPlatforms) = preSolution
		Debug|Any CPU = Debug|Any CPU
		Release|Any CPU = Release|Any CPU
	EndGlobalSection
	GlobalSection(ProjectConfigurationPlatforms) = postSolution
		{8C68CFD8-75E4-4CC3-8D43-8FD218ABE51B}.Debug|Any CPU.ActiveCfg = Debug|Any CPU
		{8C68CFD8-75E4-4CC3-8D43-8FD218ABE51B}.Debug|Any CPU.Build.0 = Debug|Any CPU
		{8C68CFD8-75E4-4CC3-8D43-8FD218ABE51B}.Release|Any CPU.ActiveCfg = Release|Any CPU
		{8C68CFD8-75E4-4CC3-8D43-8FD218ABE51B}.Release|Any CPU.Build.0 = Release|Any CPU
	EndGlobalSection
	GlobalSection(SolutionProperties) = preSolution
		HideSolutionNode = FALSE
	EndGlobalSection
	GlobalSection(ExtensibilityGlobals) = postSolution
		SolutionGuid = {556FFE5F-7046-4F65-A347-3E7B53BE97C5}
	EndGlobalSection
EndGlobal
